
Microsoft Visual Studio Solution File, Format Version 12.00
# Visual Studio Version 17
VisualStudioVersion = 17.3.32721.290
MinimumVisualStudioVersion = 10.0.40219.1
Project("{9A19103F-16F7-4668-BE54-9A1E7A4F7556}") = "RandomBookmarkFolder", "RandomBookmarkFolder\RandomBookmarkFolder.csproj", "{4C5A5AE7-0D99-448D-94E8-05BE16B9EAB8}"
EndProject
Project("{2150E333-8FDC-42A3-9474-1A3956D46DE8}") = "Solution Items", "Solution Items", "{D8A4DCFC-5451-48F5-98F0-1F30594E0460}"
	ProjectSection(SolutionItems) = preProject
		LICENSE = LICENSE
		README.md = README.md
	EndProjectSection
EndProject
Global
	GlobalSection(SolutionConfigurationPlatforms) = preSolution
		Debug|Any CPU = Debug|Any CPU
		Release|Any CPU = Release|Any CPU
	EndGlobalSection
	GlobalSection(ProjectConfigurationPlatforms) = postSolution
		{4C5A5AE7-0D99-448D-94E8-05BE16B9EAB8}.Debug|Any CPU.ActiveCfg = Debug|Any CPU
		{4C5A5AE7-0D99-448D-94E8-05BE16B9EAB8}.Debug|Any CPU.Build.0 = Debug|Any CPU
		{4C5A5AE7-0D99-448D-94E8-05BE16B9EAB8}.Release|Any CPU.ActiveCfg = Release|Any CPU
		{4C5A5AE7-0D99-448D-94E8-05BE16B9EAB8}.Release|Any CPU.Build.0 = Release|Any CPU
	EndGlobalSection
	GlobalSection(SolutionProperties) = preSolution
		HideSolutionNode = FALSE
	EndGlobalSection
	GlobalSection(ExtensibilityGlobals) = postSolution
		SolutionGuid = {6371A7BD-B064-4CC5-BC7D-D4D308E1F131}
	EndGlobalSection
EndGlobal
